Microsoft Visual Studio Solution File, Format Version 12.00
# Visual Studio Version 17
VisualStudioVersion = 17.5.2.0
MinimumVisualStudioVersion = 10.0.40219.1
Project("{2150E333-8FDC-42A3-9474-1A3956D46DE8}") = "backend-aspnet", "backend-aspnet", "{85ED3591-0EBA-B5D7-092C-EA5B45972A07}"
EndProject
Project("{FAE04EC0-301F-11D3-BF4B-00C04F79EFBC}") = "PetshopApi", "backend-aspnet\PetshopApi\PetshopApi.csproj", "{75CBFC10-8FC7-32D6-F0CF-2499DED180ED}"
EndProject
Global
	GlobalSection(SolutionConfigurationPlatforms) = preSolution
		Debug|Any CPU = Debug|Any CPU
		Release|Any CPU = Release|Any CPU
	EndGlobalSection
	GlobalSection(ProjectConfigurationPlatforms) = postSolution
		{75CBFC10-8FC7-32D6-F0CF-2499DED180ED}.Debug|Any CPU.ActiveCfg = Debug|Any CPU
		{75CBFC10-8FC7-32D6-F0CF-2499DED180ED}.Debug|Any CPU.Build.0 = Debug|Any CPU
		{75CBFC10-8FC7-32D6-F0CF-2499DED180ED}.Release|Any CPU.ActiveCfg = Release|Any CPU
		{75CBFC10-8FC7-32D6-F0CF-2499DED180ED}.Release|Any CPU.Build.0 = Release|Any CPU
	EndGlobalSection
	GlobalSection(SolutionProperties) = preSolution
		HideSolutionNode = FALSE
	EndGlobalSection
	GlobalSection(NestedProjects) = preSolution
		{75CBFC10-8FC7-32D6-F0CF-2499DED180ED} = {85ED3591-0EBA-B5D7-092C-EA5B45972A07}
	EndGlobalSection
	GlobalSection(ExtensibilityGlobals) = postSolution
		SolutionGuid = {DED4809A-4797-45B5-B760-0B4C4CC5B5BF}
	EndGlobalSection
EndGlobal
